
Microsoft Visual Studio Solution File, Format Version 12.00
# Visual Studio 14
VisualStudioVersion = 14.0.25420.1
MinimumVisualStudioVersion = 10.0.40219.1
Project("{FAE04EC0-301F-11D3-BF4B-00C04F79EFBC}") = "Demo2.ForwardOnlyStreaming", "Demo2.ForwardOnlyStreaming\Demo2.ForwardOnlyStreaming.csproj", "{0C758DC7-CE06-4741-B17E-84496F2AEC0E}"
EndProject
Project("{FAE04EC0-301F-11D3-BF4B-00C04F79EFBC}") = "Demo2.BizTalkArchive", "Demo2.BizTalkArchive\Demo2.BizTalkArchive.btproj", "{A14989E3-E325-48DA-94DD-A2EB3592E395}"
EndProject
Global
	GlobalSection(SolutionConfigurationPlatforms) = preSolution
		Debug|Any CPU = Debug|Any CPU
		Release|Any CPU = Release|Any CPU
	EndGlobalSection
	GlobalSection(ProjectConfigurationPlatforms) = postSolution
		{0C758DC7-CE06-4741-B17E-84496F2AEC0E}.Debug|Any CPU.ActiveCfg = Debug|Any CPU
		{0C758DC7-CE06-4741-B17E-84496F2AEC0E}.Debug|Any CPU.Build.0 = Debug|Any CPU
		{0C758DC7-CE06-4741-B17E-84496F2AEC0E}.Release|Any CPU.ActiveCfg = Release|Any CPU
		{0C758DC7-CE06-4741-B17E-84496F2AEC0E}.Release|Any CPU.Build.0 = Release|Any CPU
		{A14989E3-E325-48DA-94DD-A2EB3592E395}.Debug|Any CPU.ActiveCfg = Debug|Any CPU
		{A14989E3-E325-48DA-94DD-A2EB3592E395}.Debug|Any CPU.Build.0 = Debug|Any CPU
		{A14989E3-E325-48DA-94DD-A2EB3592E395}.Debug|Any CPU.Deploy.0 = Debug|Any CPU
		{A14989E3-E325-48DA-94DD-A2EB3592E395}.Release|Any CPU.ActiveCfg = Release|Any CPU
		{A14989E3-E325-48DA-94DD-A2EB3592E395}.Release|Any CPU.Build.0 = Release|Any CPU
		{A14989E3-E325-48DA-94DD-A2EB3592E395}.Release|Any CPU.Deploy.0 = Release|Any CPU
	EndGlobalSection
	GlobalSection(SolutionProperties) = preSolution
		HideSolutionNode = FALSE
	EndGlobalSection
EndGlobal
