
Microsoft Visual Studio Solution File, Format Version 12.00
# Visual Studio 2012
Project("{FAE04EC0-301F-11D3-BF4B-00C04F79EFBC}") = "Mod2Demo1", "Mod2Demo1\Mod2Demo1.btproj", "{87E73125-B395-4D12-B057-1A152A7A5426}"
EndProject
Global
	GlobalSection(SolutionConfigurationPlatforms) = preSolution
		Debug|Any CPU = Debug|Any CPU
		Release|Any CPU = Release|Any CPU
	EndGlobalSection
	GlobalSection(ProjectConfigurationPlatforms) = postSolution
		{87E73125-B395-4D12-B057-1A152A7A5426}.Debug|Any CPU.ActiveCfg = Debug|Any CPU
		{87E73125-B395-4D12-B057-1A152A7A5426}.Debug|Any CPU.Build.0 = Debug|Any CPU
		{87E73125-B395-4D12-B057-1A152A7A5426}.Debug|Any CPU.Deploy.0 = Debug|Any CPU
		{87E73125-B395-4D12-B057-1A152A7A5426}.Release|Any CPU.ActiveCfg = Release|Any CPU
		{87E73125-B395-4D12-B057-1A152A7A5426}.Release|Any CPU.Build.0 = Release|Any CPU
		{87E73125-B395-4D12-B057-1A152A7A5426}.Release|Any CPU.Deploy.0 = Release|Any CPU
	EndGlobalSection
	GlobalSection(SolutionProperties) = preSolution
		HideSolutionNode = FALSE
	EndGlobalSection
EndGlobal
