
Microsoft Visual Studio Solution File, Format Version 11.00
# Visual Studio 2010
Project("{FAE04EC0-301F-11D3-BF4B-00C04F79EFBC}") = "WeatherServiceApplication", "WeatherServiceApplication\WeatherServiceApplication.csproj", "{2CBE7E2A-08F5-4CB2-BA4A-E01C43FE1C33}"
EndProject
Global
	GlobalSection(SolutionConfigurationPlatforms) = preSolution
		Debug|x86 = Debug|x86
		Release|x86 = Release|x86
	EndGlobalSection
	GlobalSection(ProjectConfigurationPlatforms) = postSolution
		{2CBE7E2A-08F5-4CB2-BA4A-E01C43FE1C33}.Debug|x86.ActiveCfg = Debug|x86
		{2CBE7E2A-08F5-4CB2-BA4A-E01C43FE1C33}.Debug|x86.Build.0 = Debug|x86
		{2CBE7E2A-08F5-4CB2-BA4A-E01C43FE1C33}.Release|x86.ActiveCfg = Release|x86
		{2CBE7E2A-08F5-4CB2-BA4A-E01C43FE1C33}.Release|x86.Build.0 = Release|x86
	EndGlobalSection
	GlobalSection(SolutionProperties) = preSolution
		HideSolutionNode = FALSE
	EndGlobalSection
EndGlobal
