Microsoft Visual Studio Solution File, Format Version 12.00
# Visual Studio 2012
Project("{FAE04EC0-301F-11D3-BF4B-00C04F79EFBC}") = "RecoverableInterchange", "RecoverableInterchange\RecoverableInterchange.btproj", "{005352FF-25E3-4360-9355-F7454EC03F3A}"
EndProject
Global
	GlobalSection(SolutionConfigurationPlatforms) = preSolution
		Debug|Any CPU = Debug|Any CPU
		Release|Any CPU = Release|Any CPU
	EndGlobalSection
	GlobalSection(ProjectConfigurationPlatforms) = postSolution
		{005352FF-25E3-4360-9355-F7454EC03F3A}.Debug|Any CPU.ActiveCfg = Debug|Any CPU
		{005352FF-25E3-4360-9355-F7454EC03F3A}.Debug|Any CPU.Build.0 = Debug|Any CPU
		{005352FF-25E3-4360-9355-F7454EC03F3A}.Debug|Any CPU.Deploy.0 = Debug|Any CPU
		{005352FF-25E3-4360-9355-F7454EC03F3A}.Release|Any CPU.ActiveCfg = Release|Any CPU
		{005352FF-25E3-4360-9355-F7454EC03F3A}.Release|Any CPU.Build.0 = Release|Any CPU
		{005352FF-25E3-4360-9355-F7454EC03F3A}.Release|Any CPU.Deploy.0 = Release|Any CPU
	EndGlobalSection
	GlobalSection(SolutionProperties) = preSolution
		HideSolutionNode = FALSE
	EndGlobalSection
EndGlobal
